Microsoft Visual Studio Solution File, Format Version 10.00
# Visual Studio 2008
Project("{8BC9CEB8-8B4A-11D0-8D11-00A0C91BC942}") = "Half", "Half\Half.vcproj", "{9EDB5C0F-BFD0-4A59-BB93-F06A52BB0128}"
EndProject
Project("{8BC9CEB8-8B4A-11D0-8D11-00A0C91BC942}") = "Iex", "Iex\Iex.vcproj", "{C46B9A53-86D8-4B7F-AB15-B2C04518A195}"
EndProject
Project("{8BC9CEB8-8B4A-11D0-8D11-00A0C91BC942}") = "Imath", "Imath\Imath.vcproj", "{39E34F88-DD2E-4A1C-96B7-624EA55FC1D7}"
	ProjectSection(ProjectDependencies) = postProject
		{9EDB5C0F-BFD0-4A59-BB93-F06A52BB0128} = {9EDB5C0F-BFD0-4A59-BB93-F06A52BB0128}
		{C46B9A53-86D8-4B7F-AB15-B2C04518A195} = {C46B9A53-86D8-4B7F-AB15-B2C04518A195}
	EndProjectSection
EndProject
Project("{8BC9CEB8-8B4A-11D0-8D11-00A0C91BC942}") = "IlmThread", "IlmThread\IlmThread.vcproj", "{76ADDB29-9C6A-442C-9BA9-764C050F75DD}"
	ProjectSection(ProjectDependencies) = postProject
		{C46B9A53-86D8-4B7F-AB15-B2C04518A195} = {C46B9A53-86D8-4B7F-AB15-B2C04518A195}
		{39E34F88-DD2E-4A1C-96B7-624EA55FC1D7} = {39E34F88-DD2E-4A1C-96B7-624EA55FC1D7}
	EndProjectSection
EndProject
Project("{8BC9CEB8-8B4A-11D0-8D11-00A0C91BC942}") = "IlmImf", "IlmImf\IlmImf.vcproj", "{7DF42126-D237-41D3-9ABE-A3ACC8BAC56E}"
	ProjectSection(ProjectDependencies) = postProject
		{AB416205-2A4A-4125-B777-400D638A0E9D} = {AB416205-2A4A-4125-B777-400D638A0E9D}
		{9EDB5C0F-BFD0-4A59-BB93-F06A52BB0128} = {9EDB5C0F-BFD0-4A59-BB93-F06A52BB0128}
		{76ADDB29-9C6A-442C-9BA9-764C050F75DD} = {76ADDB29-9C6A-442C-9BA9-764C050F75DD}
		{C46B9A53-86D8-4B7F-AB15-B2C04518A195} = {C46B9A53-86D8-4B7F-AB15-B2C04518A195}
		{39E34F88-DD2E-4A1C-96B7-624EA55FC1D7} = {39E34F88-DD2E-4A1C-96B7-624EA55FC1D7}
		{8FD826F8-3739-44E6-8CC8-997122E53B8D} = {8FD826F8-3739-44E6-8CC8-997122E53B8D}
	EndProjectSection
EndProject
Project("{8BC9CEB8-8B4A-11D0-8D11-00A0C91BC942}") = "zlib", "zlib\zlib.vcproj", "{8FD826F8-3739-44E6-8CC8-997122E53B8D}"
EndProject
Project("{8BC9CEB8-8B4A-11D0-8D11-00A0C91BC942}") = "b44ExpLogTable", "IlmImf\b44ExpLogTable.vcproj", "{AB416205-2A4A-4125-B777-400D638A0E9D}"
	ProjectSection(ProjectDependencies) = postProject
		{9EDB5C0F-BFD0-4A59-BB93-F06A52BB0128} = {9EDB5C0F-BFD0-4A59-BB93-F06A52BB0128}
	EndProjectSection
EndProject
Global
	GlobalSection(SolutionConfigurationPlatforms) = preSolution
		Debug|Win32 = Debug|Win32
		Debug|x64 = Debug|x64
		Release|Win32 = Release|Win32
		Release|x64 = Release|x64
	EndGlobalSection
	GlobalSection(ProjectConfigurationPlatforms) = postSolution
		{9EDB5C0F-BFD0-4A59-BB93-F06A52BB0128}.Debug|Win32.ActiveCfg = Debug|Win32
		{9EDB5C0F-BFD0-4A59-BB93-F06A52BB0128}.Debug|Win32.Build.0 = Debug|Win32
		{9EDB5C0F-BFD0-4A59-BB93-F06A52BB0128}.Debug|x64.ActiveCfg = Debug|x64
		{9EDB5C0F-BFD0-4A59-BB93-F06A52BB0128}.Debug|x64.Build.0 = Debug|x64
		{9EDB5C0F-BFD0-4A59-BB93-F06A52BB0128}.Release|Win32.ActiveCfg = Release|Win32
		{9EDB5C0F-BFD0-4A59-BB93-F06A52BB0128}.Release|Win32.Build.0 = Release|Win32
		{9EDB5C0F-BFD0-4A59-BB93-F06A52BB0128}.Release|x64.ActiveCfg = Release|x64
		{9EDB5C0F-BFD0-4A59-BB93-F06A52BB0128}.Release|x64.Build.0 = Release|x64
		{C46B9A53-86D8-4B7F-AB15-B2C04518A195}.Debug|Win32.ActiveCfg = Debug|Win32
		{C46B9A53-86D8-4B7F-AB15-B2C04518A195}.Debug|Win32.Build.0 = Debug|Win32
		{C46B9A53-86D8-4B7F-AB15-B2C04518A195}.Debug|x64.ActiveCfg = Debug|x64
		{C46B9A53-86D8-4B7F-AB15-B2C04518A195}.Debug|x64.Build.0 = Debug|x64
		{C46B9A53-86D8-4B7F-AB15-B2C04518A195}.Release|Win32.ActiveCfg = Release|Win32
		{C46B9A53-86D8-4B7F-AB15-B2C04518A195}.Release|Win32.Build.0 = Release|Win32
		{C46B9A53-86D8-4B7F-AB15-B2C04518A195}.Release|x64.ActiveCfg = Release|x64
		{C46B9A53-86D8-4B7F-AB15-B2C04518A195}.Release|x64.Build.0 = Release|x64
		{39E34F88-DD2E-4A1C-96B7-624EA55FC1D7}.Debug|Win32.ActiveCfg = Debug|Win32
		{39E34F88-DD2E-4A1C-96B7-624EA55FC1D7}.Debug|Win32.Build.0 = Debug|Win32
		{39E34F88-DD2E-4A1C-96B7-624EA55FC1D7}.Debug|x64.ActiveCfg = Debug|x64
		{39E34F88-DD2E-4A1C-96B7-624EA55FC1D7}.Debug|x64.Build.0 = Debug|x64
		{39E34F88-DD2E-4A1C-96B7-624EA55FC1D7}.Release|Win32.ActiveCfg = Release|Win32
		{39E34F88-DD2E-4A1C-96B7-624EA55FC1D7}.Release|Win32.Build.0 = Release|Win32
		{39E34F88-DD2E-4A1C-96B7-624EA55FC1D7}.Release|x64.ActiveCfg = Release|x64
		{39E34F88-DD2E-4A1C-96B7-624EA55FC1D7}.Release|x64.Build.0 = Release|x64
		{76ADDB29-9C6A-442C-9BA9-764C050F75DD}.Debug|Win32.ActiveCfg = Debug|Win32
		{76ADDB29-9C6A-442C-9BA9-764C050F75DD}.Debug|Win32.Build.0 = Debug|Win32
		{76ADDB29-9C6A-442C-9BA9-764C050F75DD}.Debug|x64.ActiveCfg = Debug|x64
		{76ADDB29-9C6A-442C-9BA9-764C050F75DD}.Debug|x64.Build.0 = Debug|x64
		{76ADDB29-9C6A-442C-9BA9-764C050F75DD}.Release|Win32.ActiveCfg = Release|Win32
		{76ADDB29-9C6A-442C-9BA9-764C050F75DD}.Release|Win32.Build.0 = Release|Win32
		{76ADDB29-9C6A-442C-9BA9-764C050F75DD}.Release|x64.ActiveCfg = Release|x64
		{76ADDB29-9C6A-442C-9BA9-764C050F75DD}.Release|x64.Build.0 = Release|x64
		{7DF42126-D237-41D3-9ABE-A3ACC8BAC56E}.Debug|Win32.ActiveCfg = Debug|Win32
		{7DF42126-D237-41D3-9ABE-A3ACC8BAC56E}.Debug|Win32.Build.0 = Debug|Win32
		{7DF42126-D237-41D3-9ABE-A3ACC8BAC56E}.Debug|x64.ActiveCfg = Debug|x64
		{7DF42126-D237-41D3-9ABE-A3ACC8BAC56E}.Debug|x64.Build.0 = Debug|x64
		{7DF42126-D237-41D3-9ABE-A3ACC8BAC56E}.Release|Win32.ActiveCfg = Release|Win32
		{7DF42126-D237-41D3-9ABE-A3ACC8BAC56E}.Release|Win32.Build.0 = Release|Win32
		{7DF42126-D237-41D3-9ABE-A3ACC8BAC56E}.Release|x64.ActiveCfg = Release|x64
		{7DF42126-D237-41D3-9ABE-A3ACC8BAC56E}.Release|x64.Build.0 = Release|x64
		{8FD826F8-3739-44E6-8CC8-997122E53B8D}.Debug|Win32.ActiveCfg = Debug|Win32
		{8FD826F8-3739-44E6-8CC8-997122E53B8D}.Debug|Win32.Build.0 = Debug|Win32
		{8FD826F8-3739-44E6-8CC8-997122E53B8D}.Debug|x64.ActiveCfg = Debug|x64
		{8FD826F8-3739-44E6-8CC8-997122E53B8D}.Debug|x64.Build.0 = Debug|x64
		{8FD826F8-3739-44E6-8CC8-997122E53B8D}.Release|Win32.ActiveCfg = Release|Win32
		{8FD826F8-3739-44E6-8CC8-997122E53B8D}.Release|Win32.Build.0 = Release|Win32
		{8FD826F8-3739-44E6-8CC8-997122E53B8D}.Release|x64.ActiveCfg = Release|x64
		{8FD826F8-3739-44E6-8CC8-997122E53B8D}.Release|x64.Build.0 = Release|x64
		{AB416205-2A4A-4125-B777-400D638A0E9D}.Debug|Win32.ActiveCfg = Debug|Win32
		{AB416205-2A4A-4125-B777-400D638A0E9D}.Debug|Win32.Build.0 = Debug|Win32
		{AB416205-2A4A-4125-B777-400D638A0E9D}.Debug|x64.ActiveCfg = Debug|x64
		{AB416205-2A4A-4125-B777-400D638A0E9D}.Debug|x64.Build.0 = Debug|x64
		{AB416205-2A4A-4125-B777-400D638A0E9D}.Release|Win32.ActiveCfg = Release|Win32
		{AB416205-2A4A-4125-B777-400D638A0E9D}.Release|Win32.Build.0 = Release|Win32
		{AB416205-2A4A-4125-B777-400D638A0E9D}.Release|x64.ActiveCfg = Release|x64
		{AB416205-2A4A-4125-B777-400D638A0E9D}.Release|x64.Build.0 = Release|x64
	EndGlobalSection
	GlobalSection(SolutionProperties) = preSolution
		HideSolutionNode = FALSE
	EndGlobalSection
EndGlobal
